
Microsoft Visual Studio Solution File, Format Version 12.00
# Visual Studio Version 16
VisualStudioVersion = 16.0.33423.256
MinimumVisualStudioVersion = 10.0.40219.1
Project("{FAE04EC0-301F-11D3-BF4B-00C04F79EFBC}") = "T1", "T1\T1.csproj", "{5534512A-8EEA-421E-BFAD-3AF8B12DB702}"
EndProject
Global
	GlobalSection(SolutionConfigurationPlatforms) = preSolution
		Debug|Any CPU = Debug|Any CPU
		Release|Any CPU = Release|Any CPU
	EndGlobalSection
	GlobalSection(ProjectConfigurationPlatforms) = postSolution
		{5534512A-8EEA-421E-BFAD-3AF8B12DB702}.Debug|Any CPU.ActiveCfg = Debug|Any CPU
		{5534512A-8EEA-421E-BFAD-3AF8B12DB702}.Debug|Any CPU.Build.0 = Debug|Any CPU
		{5534512A-8EEA-421E-BFAD-3AF8B12DB702}.Release|Any CPU.ActiveCfg = Release|Any CPU
		{5534512A-8EEA-421E-BFAD-3AF8B12DB702}.Release|Any CPU.Build.0 = Release|Any CPU
	EndGlobalSection
	GlobalSection(SolutionProperties) = preSolution
		HideSolutionNode = FALSE
	EndGlobalSection
	GlobalSection(ExtensibilityGlobals) = postSolution
		SolutionGuid = {F9E64966-976D-4530-9BCF-D286002697FD}
	EndGlobalSection
EndGlobal
